
Microsoft Visual Studio Solution File, Format Version 12.00
# Visual Studio Version 16
VisualStudioVersion = 16.0.30320.27
MinimumVisualStudioVersion = 10.0.40219.1
Project("{9A19103F-16F7-4668-BE54-9A1E7A4F7556}") = "code-katas", "code-katas\code-katas.csproj", "{9F098DCA-89C0-411B-B6B4-173E77BE1DE9}"
EndProject
Project("{FAE04EC0-301F-11D3-BF4B-00C04F79EFBC}") = "code-test", "code-test\code-test.csproj", "{F55B0366-88B3-424A-A898-E77DAB7B548B}"
EndProject
Global
	GlobalSection(SolutionConfigurationPlatforms) = preSolution
		Debug|Any CPU = Debug|Any CPU
		Release|Any CPU = Release|Any CPU
	EndGlobalSection
	GlobalSection(ProjectConfigurationPlatforms) = postSolution
		{9F098DCA-89C0-411B-B6B4-173E77BE1DE9}.Debug|Any CPU.ActiveCfg = Debug|Any CPU
		{9F098DCA-89C0-411B-B6B4-173E77BE1DE9}.Debug|Any CPU.Build.0 = Debug|Any CPU
		{9F098DCA-89C0-411B-B6B4-173E77BE1DE9}.Release|Any CPU.ActiveCfg = Release|Any CPU
		{9F098DCA-89C0-411B-B6B4-173E77BE1DE9}.Release|Any CPU.Build.0 = Release|Any CPU
		{F55B0366-88B3-424A-A898-E77DAB7B548B}.Debug|Any CPU.ActiveCfg = Debug|Any CPU
		{F55B0366-88B3-424A-A898-E77DAB7B548B}.Debug|Any CPU.Build.0 = Debug|Any CPU
		{F55B0366-88B3-424A-A898-E77DAB7B548B}.Release|Any CPU.ActiveCfg = Release|Any CPU
		{F55B0366-88B3-424A-A898-E77DAB7B548B}.Release|Any CPU.Build.0 = Release|Any CPU
	EndGlobalSection
	GlobalSection(SolutionProperties) = preSolution
		HideSolutionNode = FALSE
	EndGlobalSection
	GlobalSection(ExtensibilityGlobals) = postSolution
		SolutionGuid = {8FEF496C-CAEF-4A68-8B2F-67F5BAEBB717}
	EndGlobalSection
EndGlobal
